
Microsoft Visual Studio Solution File, Format Version 12.00
# Visual Studio Version 17
VisualStudioVersion = 17.8.34330.188
MinimumVisualStudioVersion = 10.0.40219.1
Project("{FAE04EC0-301F-11D3-BF4B-00C04F79EFBC}") = "substring", "substring.csproj", "{1264C9E8-BEAC-4FBA-8ABA-FC91E3D94732}"
EndProject
Global
	GlobalSection(SolutionConfigurationPlatforms) = preSolution
		Debug|Any CPU = Debug|Any CPU
		Release|Any CPU = Release|Any CPU
	EndGlobalSection
	GlobalSection(ProjectConfigurationPlatforms) = postSolution
		{1264C9E8-BEAC-4FBA-8ABA-FC91E3D94732}.Debug|Any CPU.ActiveCfg = Debug|Any CPU
		{1264C9E8-BEAC-4FBA-8ABA-FC91E3D94732}.Debug|Any CPU.Build.0 = Debug|Any CPU
		{1264C9E8-BEAC-4FBA-8ABA-FC91E3D94732}.Release|Any CPU.ActiveCfg = Release|Any CPU
		{1264C9E8-BEAC-4FBA-8ABA-FC91E3D94732}.Release|Any CPU.Build.0 = Release|Any CPU
	EndGlobalSection
	GlobalSection(SolutionProperties) = preSolution
		HideSolutionNode = FALSE
	EndGlobalSection
	GlobalSection(ExtensibilityGlobals) = postSolution
		SolutionGuid = {9E702F8D-03D3-4CDD-8018-62FABF96B123}
	EndGlobalSection
EndGlobal
