
Microsoft Visual Studio Solution File, Format Version 12.00
# Visual Studio Version 17
VisualStudioVersion = 17.8.34330.188
MinimumVisualStudioVersion = 10.0.40219.1
Project("{FAE04EC0-301F-11D3-BF4B-00C04F79EFBC}") = "floyd", "floyd.csproj", "{59214113-B665-403D-8529-55C6AB7A441E}"
EndProject
Global
	GlobalSection(SolutionConfigurationPlatforms) = preSolution
		Debug|Any CPU = Debug|Any CPU
		Release|Any CPU = Release|Any CPU
	EndGlobalSection
	GlobalSection(ProjectConfigurationPlatforms) = postSolution
		{59214113-B665-403D-8529-55C6AB7A441E}.Debug|Any CPU.ActiveCfg = Debug|Any CPU
		{59214113-B665-403D-8529-55C6AB7A441E}.Debug|Any CPU.Build.0 = Debug|Any CPU
		{59214113-B665-403D-8529-55C6AB7A441E}.Release|Any CPU.ActiveCfg = Release|Any CPU
		{59214113-B665-403D-8529-55C6AB7A441E}.Release|Any CPU.Build.0 = Release|Any CPU
	EndGlobalSection
	GlobalSection(SolutionProperties) = preSolution
		HideSolutionNode = FALSE
	EndGlobalSection
	GlobalSection(ExtensibilityGlobals) = postSolution
		SolutionGuid = {3506F42A-E05F-438D-A6DA-876E6E453F24}
	EndGlobalSection
EndGlobal
